
Microsoft Visual Studio Solution File, Format Version 12.00
# Visual Studio Version 17
VisualStudioVersion = 17.8.34330.188
MinimumVisualStudioVersion = 10.0.40219.1
Project("{FAE04EC0-301F-11D3-BF4B-00C04F79EFBC}") = "Crud-Agenda", "Crud-Agenda\Crud-Agenda.csproj", "{F66374B3-85C0-4F8C-9BBF-7158F9ECB9D5}"
EndProject
Global
	GlobalSection(SolutionConfigurationPlatforms) = preSolution
		Debug|Any CPU = Debug|Any CPU
		Release|Any CPU = Release|Any CPU
	EndGlobalSection
	GlobalSection(ProjectConfigurationPlatforms) = postSolution
		{F66374B3-85C0-4F8C-9BBF-7158F9ECB9D5}.Debug|Any CPU.ActiveCfg = Debug|Any CPU
		{F66374B3-85C0-4F8C-9BBF-7158F9ECB9D5}.Debug|Any CPU.Build.0 = Debug|Any CPU
		{F66374B3-85C0-4F8C-9BBF-7158F9ECB9D5}.Release|Any CPU.ActiveCfg = Release|Any CPU
		{F66374B3-85C0-4F8C-9BBF-7158F9ECB9D5}.Release|Any CPU.Build.0 = Release|Any CPU
	EndGlobalSection
	GlobalSection(SolutionProperties) = preSolution
		HideSolutionNode = FALSE
	EndGlobalSection
	GlobalSection(ExtensibilityGlobals) = postSolution
		SolutionGuid = {8F67FBD1-CC8C-47E0-868A-B6C8D452CFDC}
	EndGlobalSection
EndGlobal
